
Microsoft Visual Studio Solution File, Format Version 12.00
# Visual Studio Version 17
VisualStudioVersion = 17.0.32002.185
MinimumVisualStudioVersion = 10.0.40219.1
Project("{FAE04EC0-301F-11D3-BF4B-00C04F79EFBC}") = "SF.U17", "SF.U17\SF.U17.csproj", "{8742FB4D-DE69-491E-B619-A96ECDC583C7}"
EndProject
Global
	GlobalSection(SolutionConfigurationPlatforms) = preSolution
		Debug|Any CPU = Debug|Any CPU
		Release|Any CPU = Release|Any CPU
	EndGlobalSection
	GlobalSection(ProjectConfigurationPlatforms) = postSolution
		{8742FB4D-DE69-491E-B619-A96ECDC583C7}.Debug|Any CPU.ActiveCfg = Debug|Any CPU
		{8742FB4D-DE69-491E-B619-A96ECDC583C7}.Debug|Any CPU.Build.0 = Debug|Any CPU
		{8742FB4D-DE69-491E-B619-A96ECDC583C7}.Release|Any CPU.ActiveCfg = Release|Any CPU
		{8742FB4D-DE69-491E-B619-A96ECDC583C7}.Release|Any CPU.Build.0 = Release|Any CPU
	EndGlobalSection
	GlobalSection(SolutionProperties) = preSolution
		HideSolutionNode = FALSE
	EndGlobalSection
	GlobalSection(ExtensibilityGlobals) = postSolution
		SolutionGuid = {CDF513B6-4A28-4AD5-B0D2-7B26A4B3BE71}
	EndGlobalSection
EndGlobal
